
Microsoft Visual Studio Solution File, Format Version 10.00
# Visual Studio 2008
Project("{FAE04EC0-301F-11D3-BF4B-00C04F79EFBC}") = "JayCutExample", "JayCutExample\JayCutExample.csproj", "{B454BA50-8A57-4A53-B748-DE123504ED14}"
EndProject
Global
	GlobalSection(SolutionConfigurationPlatforms) = preSolution
		Debug|Any CPU = Debug|Any CPU
		Release|Any CPU = Release|Any CPU
	EndGlobalSection
	GlobalSection(ProjectConfigurationPlatforms) = postSolution
		{B454BA50-8A57-4A53-B748-DE123504ED14}.Debug|Any CPU.ActiveCfg = Debug|Any CPU
		{B454BA50-8A57-4A53-B748-DE123504ED14}.Debug|Any CPU.Build.0 = Debug|Any CPU
		{B454BA50-8A57-4A53-B748-DE123504ED14}.Release|Any CPU.ActiveCfg = Release|Any CPU
		{B454BA50-8A57-4A53-B748-DE123504ED14}.Release|Any CPU.Build.0 = Release|Any CPU
	EndGlobalSection
	GlobalSection(SolutionProperties) = preSolution
		HideSolutionNode = FALSE
	EndGlobalSection
EndGlobal
